
Microsoft Visual Studio Solution File, Format Version 12.00
# Visual Studio Version 17
VisualStudioVersion = 17.11.35111.106
MinimumVisualStudioVersion = 10.0.40219.1
Project("{9A19103F-16F7-4668-BE54-9A1E7A4F7556}") = "WebIdentityAuthorization", "WebIdentityAuthorization\WebIdentityAuthorization.csproj", "{BF4D35D0-989D-4634-A3FC-4D8E8F0AF4A0}"
EndProject
Global
	GlobalSection(SolutionConfigurationPlatforms) = preSolution
		Debug|Any CPU = Debug|Any CPU
		Release|Any CPU = Release|Any CPU
	EndGlobalSection
	GlobalSection(ProjectConfigurationPlatforms) = postSolution
		{BF4D35D0-989D-4634-A3FC-4D8E8F0AF4A0}.Debug|Any CPU.ActiveCfg = Debug|Any CPU
		{BF4D35D0-989D-4634-A3FC-4D8E8F0AF4A0}.Debug|Any CPU.Build.0 = Debug|Any CPU
		{BF4D35D0-989D-4634-A3FC-4D8E8F0AF4A0}.Release|Any CPU.ActiveCfg = Release|Any CPU
		{BF4D35D0-989D-4634-A3FC-4D8E8F0AF4A0}.Release|Any CPU.Build.0 = Release|Any CPU
	EndGlobalSection
	GlobalSection(SolutionProperties) = preSolution
		HideSolutionNode = FALSE
	EndGlobalSection
	GlobalSection(ExtensibilityGlobals) = postSolution
		SolutionGuid = {8362A7C5-B5BD-4F05-96D1-1DB5ECC31497}
	EndGlobalSection
EndGlobal
